
Microsoft Visual Studio Solution File, Format Version 12.00
# Visual Studio Version 17
VisualStudioVersion = 17.14.36109.1 d17.14
MinimumVisualStudioVersion = 10.0.40219.1
Project("{FAE04EC0-301F-11D3-BF4B-00C04F79EFBC}") = "outletnerd", "outletnerd\outletnerd.csproj", "{CAE2AE82-E76F-4862-AAE8-34D4DEA52F65}"
EndProject
Global
	GlobalSection(SolutionConfigurationPlatforms) = preSolution
		Debug|Any CPU = Debug|Any CPU
		Release|Any CPU = Release|Any CPU
	EndGlobalSection
	GlobalSection(ProjectConfigurationPlatforms) = postSolution
		{CAE2AE82-E76F-4862-AAE8-34D4DEA52F65}.Debug|Any CPU.ActiveCfg = Debug|Any CPU
		{CAE2AE82-E76F-4862-AAE8-34D4DEA52F65}.Debug|Any CPU.Build.0 = Debug|Any CPU
		{CAE2AE82-E76F-4862-AAE8-34D4DEA52F65}.Release|Any CPU.ActiveCfg = Release|Any CPU
		{CAE2AE82-E76F-4862-AAE8-34D4DEA52F65}.Release|Any CPU.Build.0 = Release|Any CPU
	EndGlobalSection
	GlobalSection(SolutionProperties) = preSolution
		HideSolutionNode = FALSE
	EndGlobalSection
	GlobalSection(ExtensibilityGlobals) = postSolution
		SolutionGuid = {A28FE6B5-64E6-4265-87EB-1D28BE4482F2}
	EndGlobalSection
EndGlobal
